// !$*UTF8*$!
{
	archiveVersion = 1;
	classes = {
	};
	objectVersion = 46;
	objects = {

/* Begin PBXBuildFile section */
		1C67D73C1C7C4DFC0020A754 /* AppDelegate.swift in Sources */ = {isa = PBXBuildFile; fileRef = 1C67D73B1C7C4DFC0020A754 /* AppDelegate.swift */; };
		1C67D7431C7C4DFC0020A754 /* Assets.xcassets in Resources */ = {isa = PBXBuildFile; fileRef = 1C67D7421C7C4DFC0020A754 /* Assets.xcassets */; };
		1C67D7461C7C4DFC0020A754 /* LaunchScreen.storyboard in Resources */ = {isa = PBXBuildFile; fileRef = 1C67D7441C7C4DFC0020A754 /* LaunchScreen.storyboard */; };
		1C67D7511C7C4DFC0020A754 /* MarcBiliBiliTests.swift in Sources */ = {isa = PBXBuildFile; fileRef = 1C67D7501C7C4DFC0020A754 /* MarcBiliBiliTests.swift */; };
		1C67D75C1C7C4DFC0020A754 /* MarcBiliBiliUITests.swift in Sources */ = {isa = PBXBuildFile; fileRef = 1C67D75B1C7C4DFC0020A754 /* MarcBiliBiliUITests.swift */; };
		1CBF35DC1C7E91B200177D99 /* BiliBaseTabBarController.swift in Sources */ = {isa = PBXBuildFile; fileRef = 1CBF35DB1C7E91B200177D99 /* BiliBaseTabBarController.swift */; };
		1CBF36001C7E949000177D99 /* BaseViewController.swift in Sources */ = {isa = PBXBuildFile; fileRef = 1CBF35FF1C7E949000177D99 /* BaseViewController.swift */; };
		1CBF36021C7E94F100177D99 /* MainViewController.swift in Sources */ = {isa = PBXBuildFile; fileRef = 1CBF36011C7E94F100177D99 /* MainViewController.swift */; };
		1CBF36041C7E952300177D99 /* MineVIewController.swift in Sources */ = {isa = PBXBuildFile; fileRef = 1CBF36031C7E952300177D99 /* MineVIewController.swift */; };
		1CBF36061C7E956000177D99 /* FondViewController.swift in Sources */ = {isa = PBXBuildFile; fileRef = 1CBF36051C7E956000177D99 /* FondViewController.swift */; };
		1CBF36081C7E95A600177D99 /* AttentionViewController.swift in Sources */ = {isa = PBXBuildFile; fileRef = 1CBF36071C7E95A600177D99 /* AttentionViewController.swift */; };
		1CBF363F1C7EE17300177D99 /* BaseNavigationController.swift in Sources */ = {isa = PBXBuildFile; fileRef = 1CBF363E1C7EE17300177D99 /* BaseNavigationController.swift */; };
		1CCF1CE01C7EE30A007E3743 /* tabbar-light.png in Resources */ = {isa = PBXBuildFile; fileRef = 1CCF1CC61C7EE30A007E3743 /* tabbar-light.png */; };
		1CCF1CE11C7EE30A007E3743 /* tabbar-light@2x.png in Resources */ = {isa = PBXBuildFile; fileRef = 1CCF1CC71C7EE30A007E3743 /* tabbar-light@2x.png */; };
		1CCF1CE21C7EE30A007E3743 /* tabBar_essence_click_icon.png in Resources */ = {isa = PBXBuildFile; fileRef = 1CCF1CC81C7EE30A007E3743 /* tabBar_essence_click_icon.png */; };
		1CCF1CE31C7EE30A007E3743 /* tabBar_essence_click_icon@2x.png in Resources */ = {isa = PBXBuildFile; fileRef = 1CCF1CC91C7EE30A007E3743 /* tabBar_essence_click_icon@2x.png */; };
		1CCF1CE41C7EE30A007E3743 /* tabBar_essence_click_icon@3x.png in Resources */ = {isa = PBXBuildFile; fileRef = 1CCF1CCA1C7EE30A007E3743 /* tabBar_essence_click_icon@3x.png */; };
		1CCF1CE51C7EE30A007E3743 /* tabBar_essence_icon.png in Resources */ = {isa = PBXBuildFile; fileRef = 1CCF1CCB1C7EE30A007E3743 /* tabBar_essence_icon.png */; };
		1CCF1CE61C7EE30A007E3743 /* tabBar_essence_icon@2x.png in Resources */ = {isa = PBXBuildFile; fileRef = 1CCF1CCC1C7EE30A007E3743 /* tabBar_essence_icon@2x.png */; };
		1CCF1CE71C7EE30A007E3743 /* tabBar_essence_icon@3x.png in Resources */ = {isa = PBXBuildFile; fileRef = 1CCF1CCD1C7EE30A007E3743 /* tabBar_essence_icon@3x.png */; };
		1CCF1CE81C7EE30A007E3743 /* tabBar_friendTrends_click_icon.png in Resources */ = {isa = PBXBuildFile; fileRef = 1CCF1CCE1C7EE30A007E3743 /* tabBar_friendTrends_click_icon.png */; };
		1CCF1CE91C7EE30A007E3743 /* tabBar_friendTrends_click_icon@2x.png in Resources */ = {isa = PBXBuildFile; fileRef = 1CCF1CCF1C7EE30A007E3743 /* tabBar_friendTrends_click_icon@2x.png */; };
		1CCF1CEA1C7EE30A007E3743 /* tabBar_friendTrends_click_icon@3x.png in Resources */ = {isa = PBXBuildFile; fileRef = 1CCF1CD01C7EE30A007E3743 /* tabBar_friendTrends_click_icon@3x.png */; };
		1CCF1CEB1C7EE30A007E3743 /* tabBar_friendTrends_icon.png in Resources */ = {isa = PBXBuildFile; fileRef = 1CCF1CD11C7EE30A007E3743 /* tabBar_friendTrends_icon.png */; };
		1CCF1CEC1C7EE30A007E3743 /* tabBar_friendTrends_icon@2x.png in Resources */ = {isa = PBXBuildFile; fileRef = 1CCF1CD21C7EE30A007E3743 /* tabBar_friendTrends_icon@2x.png */; };
		1CCF1CED1C7EE30A007E3743 /* tabBar_friendTrends_icon@3x.png in Resources */ = {isa = PBXBuildFile; fileRef = 1CCF1CD31C7EE30A007E3743 /* tabBar_friendTrends_icon@3x.png */; };
		1CCF1CEE1C7EE30A007E3743 /* tabBar_me_click_icon.png in Resources */ = {isa = PBXBuildFile; fileRef = 1CCF1CD41C7EE30A007E3743 /* tabBar_me_click_icon.png */; };
		1CCF1CEF1C7EE30A007E3743 /* tabBar_me_click_icon@2x.png in Resources */ = {isa = PBXBuildFile; fileRef = 1CCF1CD51C7EE30A007E3743 /* tabBar_me_click_icon@2x.png */; };
		1CCF1CF01C7EE30A007E3743 /* tabBar_me_click_icon@3x.png in Resources */ = {isa = PBXBuildFile; fileRef = 1CCF1CD61C7EE30A007E3743 /* tabBar_me_click_icon@3x.png */; };
		1CCF1CF11C7EE30A007E3743 /* tabBar_me_icon.png in Resources */ = {isa = PBXBuildFile; fileRef = 1CCF1CD71C7EE30A007E3743 /* tabBar_me_icon.png */; };
		1CCF1CF21C7EE30A007E3743 /* tabBar_me_icon@2x.png in Resources */ = {isa = PBXBuildFile; fileRef = 1CCF1CD81C7EE30A007E3743 /* tabBar_me_icon@2x.png */; };
		1CCF1CF31C7EE30A007E3743 /* tabBar_me_icon@3x.png in Resources */ = {isa = PBXBuildFile; fileRef = 1CCF1CD91C7EE30A007E3743 /* tabBar_me_icon@3x.png */; };
		1CCF1CF41C7EE30A007E3743 /* tabBar_new_click_icon.png in Resources */ = {isa = PBXBuildFile; fileRef = 1CCF1CDA1C7EE30A007E3743 /* tabBar_new_click_icon.png */; };
		1CCF1CF51C7EE30A007E3743 /* tabBar_new_click_icon@2x.png in Resources */ = {isa = PBXBuildFile; fileRef = 1CCF1CDB1C7EE30A007E3743 /* tabBar_new_click_icon@2x.png */; };
		1CCF1CF61C7EE30A007E3743 /* tabBar_new_click_icon@3x.png in Resources */ = {isa = PBXBuildFile; fileRef = 1CCF1CDC1C7EE30A007E3743 /* tabBar_new_click_icon@3x.png */; };
		1CCF1CF71C7EE30A007E3743 /* tabBar_new_icon.png in Resources */ = {isa = PBXBuildFile; fileRef = 1CCF1CDD1C7EE30A007E3743 /* tabBar_new_icon.png */; };
		1CCF1CF81C7EE30A007E3743 /* tabBar_new_icon@2x.png in Resources */ = {isa = PBXBuildFile; fileRef = 1CCF1CDE1C7EE30A007E3743 /* tabBar_new_icon@2x.png */; };
		1CCF1CF91C7EE30A007E3743 /* tabBar_new_icon@3x.png in Resources */ = {isa = PBXBuildFile; fileRef = 1CCF1CDF1C7EE30A007E3743 /* tabBar_new_icon@3x.png */; };
		1CCF1CFD1C7EE375007E3743 /* navigationButtonReturn.png in Resources */ = {isa = PBXBuildFile; fileRef = 1CCF1CFA1C7EE375007E3743 /* navigationButtonReturn.png */; };
		1CCF1CFE1C7EE375007E3743 /* navigationButtonReturn@2x.png in Resources */ = {isa = PBXBuildFile; fileRef = 1CCF1CFB1C7EE375007E3743 /* navigationButtonReturn@2x.png */; };
		1CCF1CFF1C7EE375007E3743 /* navigationButtonReturn@3x.png in Resources */ = {isa = PBXBuildFile; fileRef = 1CCF1CFC1C7EE375007E3743 /* navigationButtonReturn@3x.png */; };
		1CCF1D031C7EE387007E3743 /* navigationButtonReturnClick.png in Resources */ = {isa = PBXBuildFile; fileRef = 1CCF1D001C7EE387007E3743 /* navigationButtonReturnClick.png */; };
		1CCF1D041C7EE387007E3743 /* navigationButtonReturnClick@2x.png in Resources */ = {isa = PBXBuildFile; fileRef = 1CCF1D011C7EE387007E3743 /* navigationButtonReturnClick@2x.png */; };
		1CCF1D051C7EE387007E3743 /* navigationButtonReturnClick@3x.png in Resources */ = {isa = PBXBuildFile; fileRef = 1CCF1D021C7EE387007E3743 /* navigationButtonReturnClick@3x.png */; };
		1CCF1D071C7EE957007E3743 /* navigationbarBackgroundWhite.png in Resources */ = {isa = PBXBuildFile; fileRef = 1CCF1D061C7EE957007E3743 /* navigationbarBackgroundWhite.png */; };
		1CCF1D101C7EEC53007E3743 /* ProgressHUD.bundle in Resources */ = {isa = PBXBuildFile; fileRef = 1CCF1D0D1C7EEC53007E3743 /* ProgressHUD.bundle */; };
		1CCF1D111C7EEC53007E3743 /* ProgressHUD.m in Sources */ = {isa = PBXBuildFile; fileRef = 1CCF1D0F1C7EEC53007E3743 /* ProgressHUD.m */; };
		1CCF1D3F1C7EEC5E007E3743 /* MJRefreshAutoFooter.m in Sources */ = {isa = PBXBuildFile; fileRef = 1CCF1D151C7EEC5E007E3743 /* MJRefreshAutoFooter.m */; };
		1CCF1D401C7EEC5E007E3743 /* MJRefreshBackFooter.m in Sources */ = {isa = PBXBuildFile; fileRef = 1CCF1D171C7EEC5E007E3743 /* MJRefreshBackFooter.m */; };
		1CCF1D411C7EEC5E007E3743 /* MJRefreshComponent.m in Sources */ = {isa = PBXBuildFile; fileRef = 1CCF1D191C7EEC5E007E3743 /* MJRefreshComponent.m */; };
		1CCF1D421C7EEC5E007E3743 /* MJRefreshFooter.m in Sources */ = {isa = PBXBuildFile; fileRef = 1CCF1D1B1C7EEC5E007E3743 /* MJRefreshFooter.m */; };
		1CCF1D431C7EEC5E007E3743 /* MJRefreshHeader.m in Sources */ = {isa = PBXBuildFile; fileRef = 1CCF1D1D1C7EEC5E007E3743 /* MJRefreshHeader.m */; };
		1CCF1D441C7EEC5E007E3743 /* MJRefreshAutoGifFooter.m in Sources */ = {isa = PBXBuildFile; fileRef = 1CCF1D221C7EEC5E007E3743 /* MJRefreshAutoGifFooter.m */; };
		1CCF1D451C7EEC5E007E3743 /* MJRefreshAutoNormalFooter.m in Sources */ = {isa = PBXBuildFile; fileRef = 1CCF1D241C7EEC5E007E3743 /* MJRefreshAutoNormalFooter.m */; };
		1CCF1D461C7EEC5E007E3743 /* MJRefreshAutoStateFooter.m in Sources */ = {isa = PBXBuildFile; fileRef = 1CCF1D261C7EEC5E007E3743 /* MJRefreshAutoStateFooter.m */; };
		1CCF1D471C7EEC5E007E3743 /* MJRefreshBackGifFooter.m in Sources */ = {isa = PBXBuildFile; fileRef = 1CCF1D291C7EEC5E007E3743 /* MJRefreshBackGifFooter.m */; };
		1CCF1D481C7EEC5E007E3743 /* MJRefreshBackNormalFooter.m in Sources */ = {isa = PBXBuildFile; fileRef = 1CCF1D2B1C7EEC5E007E3743 /* MJRefreshBackNormalFooter.m */; };
		1CCF1D491C7EEC5E007E3743 /* MJRefreshBackStateFooter.m in Sources */ = {isa = PBXBuildFile; fileRef = 1CCF1D2D1C7EEC5E007E3743 /* MJRefreshBackStateFooter.m */; };
		1CCF1D4A1C7EEC5E007E3743 /* MJRefreshGifHeader.m in Sources */ = {isa = PBXBuildFile; fileRef = 1CCF1D301C7EEC5E007E3743 /* MJRefreshGifHeader.m */; };
		1CCF1D4B1C7EEC5E007E3743 /* MJRefreshNormalHeader.m in Sources */ = {isa = PBXBuildFile; fileRef = 1CCF1D321C7EEC5E007E3743 /* MJRefreshNormalHeader.m */; };
		1CCF1D4C1C7EEC5E007E3743 /* MJRefreshStateHeader.m in Sources */ = {isa = PBXBuildFile; fileRef = 1CCF1D341C7EEC5E007E3743 /* MJRefreshStateHeader.m */; };
		1CCF1D4D1C7EEC5E007E3743 /* MJRefresh.bundle in Resources */ = {isa = PBXBuildFile; fileRef = 1CCF1D351C7EEC5E007E3743 /* MJRefresh.bundle */; };
		1CCF1D4E1C7EEC5E007E3743 /* MJRefreshConst.m in Sources */ = {isa = PBXBuildFile; fileRef = 1CCF1D381C7EEC5E007E3743 /* MJRefreshConst.m */; };
		1CCF1D4F1C7EEC5E007E3743 /* UIScrollView+MJExtension.m in Sources */ = {isa = PBXBuildFile; fileRef = 1CCF1D3A1C7EEC5E007E3743 /* UIScrollView+MJExtension.m */; };
		1CCF1D501C7EEC5E007E3743 /* UIScrollView+MJRefresh.m in Sources */ = {isa = PBXBuildFile; fileRef = 1CCF1D3C1C7EEC5E007E3743 /* UIScrollView+MJRefresh.m */; };
		1CCF1D511C7EEC5E007E3743 /* UIView+MJExtension.m in Sources */ = {isa = PBXBuildFile; fileRef = 1CCF1D3E1C7EEC5E007E3743 /* UIView+MJExtension.m */; };
/* End PBXBuildFile section */

/* Begin PBXContainerItemProxy section */
		1C67D74D1C7C4DFC0020A754 /* PBXContainerItemProxy */ = {
			isa = PBXContainerItemProxy;
			containerPortal = 1C67D7301C7C4DFC0020A754 /* Project object */;
			proxyType = 1;
			remoteGlobalIDString = 1C67D7371C7C4DFC0020A754;
			remoteInfo = MarcBiliBili;
		};
		1C67D7581C7C4DFC0020A754 /* PBXContainerItemProxy */ = {
			isa = PBXContainerItemProxy;
			containerPortal = 1C67D7301C7C4DFC0020A754 /* Project object */;
			proxyType = 1;
			remoteGlobalIDString = 1C67D7371C7C4DFC0020A754;
			remoteInfo = MarcBiliBili;
		};
/* End PBXContainerItemProxy section */

/* Begin PBXFileReference section */
		1C67D7381C7C4DFC0020A754 /* MarcBiliBili.app */ = {isa = PBXFileReference; explicitFileType = wrapper.application; includeInIndex = 0; path = MarcBiliBili.app; sourceTree = BUILT_PRODUCTS_DIR; };
		1C67D73B1C7C4DFC0020A754 /* AppDelegate.swift */ = {isa = PBXFileReference; lastKnownFileType = sourcecode.swift; path = AppDelegate.swift; sourceTree = "<group>"; };
		1C67D7421C7C4DFC0020A754 /* Assets.xcassets */ = {isa = PBXFileReference; lastKnownFileType = folder.assetcatalog; path = Assets.xcassets; sourceTree = "<group>"; };
		1C67D7451C7C4DFC0020A754 /* Base */ = {isa = PBXFileReference; lastKnownFileType = file.storyboard; name = Base; path = Base.lproj/LaunchScreen.storyboard; sourceTree = "<group>"; };
		1C67D7471C7C4DFC0020A754 /* Info.plist */ = {isa = PBXFileReference; lastKnownFileType = text.plist.xml; path = Info.plist; sourceTree = "<group>"; };
		1C67D74C1C7C4DFC0020A754 /* MarcBiliBiliTests.xctest */ = {isa = PBXFileReference; explicitFileType = wrapper.cfbundle; includeInIndex = 0; path = MarcBiliBiliTests.xctest; sourceTree = BUILT_PRODUCTS_DIR; };
		1C67D7501C7C4DFC0020A754 /* MarcBiliBiliTests.swift */ = {isa = PBXFileReference; lastKnownFileType = sourcecode.swift; path = MarcBiliBiliTests.swift; sourceTree = "<group>"; };
		1C67D7521C7C4DFC0020A754 /* Info.plist */ = {isa = PBXFileReference; lastKnownFileType = text.plist.xml; path = Info.plist; sourceTree = "<group>"; };
		1C67D7571C7C4DFC0020A754 /* MarcBiliBiliUITests.xctest */ = {isa = PBXFileReference; explicitFileType = wrapper.cfbundle; includeInIndex = 0; path = MarcBiliBiliUITests.xctest; sourceTree = BUILT_PRODUCTS_DIR; };
		1C67D75B1C7C4DFC0020A754 /* MarcBiliBiliUITests.swift */ = {isa = PBXFileReference; lastKnownFileType = sourcecode.swift; path = MarcBiliBiliUITests.swift; sourceTree = "<group>"; };
		1C67D75D1C7C4DFC0020A754 /* Info.plist */ = {isa = PBXFileReference; lastKnownFileType = text.plist.xml; path = Info.plist; sourceTree = "<group>"; };
		1CBF35DB1C7E91B200177D99 /* BiliBaseTabBarController.swift */ = {isa = PBXFileReference; fileEncoding = 4; lastKnownFileType = sourcecode.swift; name = BiliBaseTabBarController.swift; path = ../../BiliBaseTabBarController.swift; sourceTree = "<group>"; };
		1CBF35FF1C7E949000177D99 /* BaseViewController.swift */ = {isa = PBXFileReference; fileEncoding = 4; lastKnownFileType = sourcecode.swift; path = BaseViewController.swift; sourceTree = "<group>"; };
		1CBF36011C7E94F100177D99 /* MainViewController.swift */ = {isa = PBXFileReference; fileEncoding = 4; lastKnownFileType = sourcecode.swift; path = MainViewController.swift; sourceTree = "<group>"; };
		1CBF36031C7E952300177D99 /* MineVIewController.swift */ = {isa = PBXFileReference; fileEncoding = 4; lastKnownFileType = sourcecode.swift; path = MineVIewController.swift; sourceTree = "<group>"; };
		1CBF36051C7E956000177D99 /* FondViewController.swift */ = {isa = PBXFileReference; fileEncoding = 4; lastKnownFileType = sourcecode.swift; path = FondViewController.swift; sourceTree = "<group>"; };
		1CBF36071C7E95A600177D99 /* AttentionViewController.swift */ = {isa = PBXFileReference; fileEncoding = 4; lastKnownFileType = sourcecode.swift; path = AttentionViewController.swift; sourceTree = "<group>"; };
		1CBF363E1C7EE17300177D99 /* BaseNavigationController.swift */ = {isa = PBXFileReference; fileEncoding = 4; lastKnownFileType = sourcecode.swift; path = BaseNavigationController.swift; sourceTree = "<group>"; };
		1CCF1CC61C7EE30A007E3743 /* tabbar-light.png */ = {isa = PBXFileReference; lastKnownFileType = image.png; path = "tabbar-light.png"; sourceTree = "<group>"; };
		1CCF1CC71C7EE30A007E3743 /* tabbar-light@2x.png */ = {isa = PBXFileReference; lastKnownFileType = image.png; path = "tabbar-light@2x.png"; sourceTree = "<group>"; };
		1CCF1CC81C7EE30A007E3743 /* tabBar_essence_click_icon.png */ = {isa = PBXFileReference; lastKnownFileType = image.png; path = tabBar_essence_click_icon.png; sourceTree = "<group>"; };
		1CCF1CC91C7EE30A007E3743 /* tabBar_essence_click_icon@2x.png */ = {isa = PBXFileReference; lastKnownFileType = image.png; path = "tabBar_essence_click_icon@2x.png"; sourceTree = "<group>"; };
		1CCF1CCA1C7EE30A007E3743 /* tabBar_essence_click_icon@3x.png */ = {isa = PBXFileReference; lastKnownFileType = image.png; path = "tabBar_essence_click_icon@3x.png"; sourceTree = "<group>"; };
		1CCF1CCB1C7EE30A007E3743 /* tabBar_essence_icon.png */ = {isa = PBXFileReference; lastKnownFileType = image.png; path = tabBar_essence_icon.png; sourceTree = "<group>"; };
		1CCF1CCC1C7EE30A007E3743 /* tabBar_essence_icon@2x.png */ = {isa = PBXFileReference; lastKnownFileType = image.png; path = "tabBar_essence_icon@2x.png"; sourceTree = "<group>"; };
		1CCF1CCD1C7EE30A007E3743 /* tabBar_essence_icon@3x.png */ = {isa = PBXFileReference; lastKnownFileType = image.png; path = "tabBar_essence_icon@3x.png"; sourceTree = "<group>"; };
		1CCF1CCE1C7EE30A007E3743 /* tabBar_friendTrends_click_icon.png */ = {isa = PBXFileReference; lastKnownFileType = image.png; path = tabBar_friendTrends_click_icon.png; sourceTree = "<group>"; };
		1CCF1CCF1C7EE30A007E3743 /* tabBar_friendTrends_click_icon@2x.png */ = {isa = PBXFileReference; lastKnownFileType = image.png; path = "tabBar_friendTrends_click_icon@2x.png"; sourceTree = "<group>"; };
		1CCF1CD01C7EE30A007E3743 /* tabBar_friendTrends_click_icon@3x.png */ = {isa = PBXFileReference; lastKnownFileType = image.png; path = "tabBar_friendTrends_click_icon@3x.png"; sourceTree = "<group>"; };
		1CCF1CD11C7EE30A007E3743 /* tabBar_friendTrends_icon.png */ = {isa = PBXFileReference; lastKnownFileType = image.png; path = tabBar_friendTrends_icon.png; sourceTree = "<group>"; };
		1CCF1CD21C7EE30A007E3743 /* tabBar_friendTrends_icon@2x.png */ = {isa = PBXFileReference; lastKnownFileType = image.png; path = "tabBar_friendTrends_icon@2x.png"; sourceTree = "<group>"; };
		1CCF1CD31C7EE30A007E3743 /* tabBar_friendTrends_icon@3x.png */ = {isa = PBXFileReference; lastKnownFileType = image.png; path = "tabBar_friendTrends_icon@3x.png"; sourceTree = "<group>"; };
		1CCF1CD41C7EE30A007E3743 /* tabBar_me_click_icon.png */ = {isa = PBXFileReference; lastKnownFileType = image.png; path = tabBar_me_click_icon.png; sourceTree = "<group>"; };
		1CCF1CD51C7EE30A007E3743 /* tabBar_me_click_icon@2x.png */ = {isa = PBXFileReference; lastKnownFileType = image.png; path = "tabBar_me_click_icon@2x.png"; sourceTree = "<group>"; };
		1CCF1CD61C7EE30A007E3743 /* tabBar_me_click_icon@3x.png */ = {isa = PBXFileReference; lastKnownFileType = image.png; path = "tabBar_me_click_icon@3x.png"; sourceTree = "<group>"; };
		1CCF1CD71C7EE30A007E3743 /* tabBar_me_icon.png */ = {isa = PBXFileReference; lastKnownFileType = image.png; path = tabBar_me_icon.png; sourceTree = "<group>"; };
		1CCF1CD81C7EE30A007E3743 /* tabBar_me_icon@2x.png */ = {isa = PBXFileReference; lastKnownFileType = image.png; path = "tabBar_me_icon@2x.png"; sourceTree = "<group>"; };
		1CCF1CD91C7EE30A007E3743 /* tabBar_me_icon@3x.png */ = {isa = PBXFileReference; lastKnownFileType = image.png; path = "tabBar_me_icon@3x.png"; sourceTree = "<group>"; };
		1CCF1CDA1C7EE30A007E3743 /* tabBar_new_click_icon.png */ = {isa = PBXFileReference; lastKnownFileType = image.png; path = tabBar_new_click_icon.png; sourceTree = "<group>"; };
		1CCF1CDB1C7EE30A007E3743 /* tabBar_new_click_icon@2x.png */ = {isa = PBXFileReference; lastKnownFileType = image.png; path = "tabBar_new_click_icon@2x.png"; sourceTree = "<group>"; };
		1CCF1CDC1C7EE30A007E3743 /* tabBar_new_click_icon@3x.png */ = {isa = PBXFileReference; lastKnownFileType = image.png; path = "tabBar_new_click_icon@3x.png"; sourceTree = "<group>"; };
		1CCF1CDD1C7EE30A007E3743 /* tabBar_new_icon.png */ = {isa = PBXFileReference; lastKnownFileType = image.png; path = tabBar_new_icon.png; sourceTree = "<group>"; };
		1CCF1CDE1C7EE30A007E3743 /* tabBar_new_icon@2x.png */ = {isa = PBXFileReference; lastKnownFileType = image.png; path = "tabBar_new_icon@2x.png"; sourceTree = "<group>"; };
		1CCF1CDF1C7EE30A007E3743 /* tabBar_new_icon@3x.png */ = {isa = PBXFileReference; lastKnownFileType = image.png; path = "tabBar_new_icon@3x.png"; sourceTree = "<group>"; };
		1CCF1CFA1C7EE375007E3743 /* navigationButtonReturn.png */ = {isa = PBXFileReference; lastKnownFileType = image.png; path = navigationButtonReturn.png; sourceTree = "<group>"; };
		1CCF1CFB1C7EE375007E3743 /* navigationButtonReturn@2x.png */ = {isa = PBXFileReference; lastKnownFileType = image.png; path = "navigationButtonReturn@2x.png"; sourceTree = "<group>"; };
		1CCF1CFC1C7EE375007E3743 /* navigationButtonReturn@3x.png */ = {isa = PBXFileReference; lastKnownFileType = image.png; path = "navigationButtonReturn@3x.png"; sourceTree = "<group>"; };
		1CCF1D001C7EE387007E3743 /* navigationButtonReturnClick.png */ = {isa = PBXFileReference; lastKnownFileType = image.png; path = navigationButtonReturnClick.png; sourceTree = "<group>"; };
		1CCF1D011C7EE387007E3743 /* navigationButtonReturnClick@2x.png */ = {isa = PBXFileReference; lastKnownFileType = image.png; path = "navigationButtonReturnClick@2x.png"; sourceTree = "<group>"; };
		1CCF1D021C7EE387007E3743 /* navigationButtonReturnClick@3x.png */ = {isa = PBXFileReference; lastKnownFileType = image.png; path = "navigationButtonReturnClick@3x.png"; sourceTree = "<group>"; };
		1CCF1D061C7EE957007E3743 /* navigationbarBackgroundWhite.png */ = {isa = PBXFileReference; lastKnownFileType = image.png; path = navigationbarBackgroundWhite.png; sourceTree = "<group>"; };
		1CCF1D081C7EEAD6007E3743 /* Bili-Brigding-Header.h */ = {isa = PBXFileReference; lastKnownFileType = sourcecode.c.h; path = "Bili-Brigding-Header.h"; sourceTree = "<group>"; };
		1CCF1D0D1C7EEC53007E3743 /* ProgressHUD.bundle */ = {isa = PBXFileReference; lastKnownFileType = "wrapper.plug-in"; path = ProgressHUD.bundle; sourceTree = "<group>"; };
		1CCF1D0E1C7EEC53007E3743 /* ProgressHUD.h */ = {isa = PBXFileReference; fileEncoding = 4; lastKnownFileType = sourcecode.c.h; path = ProgressHUD.h; sourceTree = "<group>"; };
		1CCF1D0F1C7EEC53007E3743 /* ProgressHUD.m */ = {isa = PBXFileReference; fileEncoding = 4; lastKnownFileType = sourcecode.c.objc; path = ProgressHUD.m; sourceTree = "<group>"; };
		1CCF1D141C7EEC5E007E3743 /* MJRefreshAutoFooter.h */ = {isa = PBXFileReference; fileEncoding = 4; lastKnownFileType = sourcecode.c.h; path = MJRefreshAutoFooter.h; sourceTree = "<group>"; };
		1CCF1D151C7EEC5E007E3743 /* MJRefreshAutoFooter.m */ = {isa = PBXFileReference; fileEncoding = 4; lastKnownFileType = sourcecode.c.objc; path = MJRefreshAutoFooter.m; sourceTree = "<group>"; };
		1CCF1D161C7EEC5E007E3743 /* MJRefreshBackFooter.h */ = {isa = PBXFileReference; fileEncoding = 4; lastKnownFileType = sourcecode.c.h; path = MJRefreshBackFooter.h; sourceTree = "<group>"; };
		1CCF1D171C7EEC5E007E3743 /* MJRefreshBackFooter.m */ = {isa = PBXFileReference; fileEncoding = 4; lastKnownFileType = sourcecode.c.objc; path = MJRefreshBackFooter.m; sourceTree = "<group>"; };
		1CCF1D181C7EEC5E007E3743 /* MJRefreshComponent.h */ = {isa = PBXFileReference; fileEncoding = 4; lastKnownFileType = sourcecode.c.h; path = MJRefreshComponent.h; sourceTree = "<group>"; };
		1CCF1D191C7EEC5E007E3743 /* MJRefreshComponent.m */ = {isa = PBXFileReference; fileEncoding = 4; lastKnownFileType = sourcecode.c.objc; path = MJRefreshComponent.m; sourceTree = "<group>"; };
		1CCF1D1A1C7EEC5E007E3743 /* MJRefreshFooter.h */ = {isa = PBXFileReference; fileEncoding = 4; lastKnownFileType = sourcecode.c.h; path = MJRefreshFooter.h; sourceTree = "<group>"; };
		1CCF1D1B1C7EEC5E007E3743 /* MJRefreshFooter.m */ = {isa = PBXFileReference; fileEncoding = 4; lastKnownFileType = sourcecode.c.objc; path = MJRefreshFooter.m; sourceTree = "<group>"; };
		1CCF1D1C1C7EEC5E007E3743 /* MJRefreshHeader.h */ = {isa = PBXFileReference; fileEncoding = 4; lastKnownFileType = sourcecode.c.h; path = MJRefreshHeader.h; sourceTree = "<group>"; };
		1CCF1D1D1C7EEC5E007E3743 /* MJRefreshHeader.m */ = {isa = PBXFileReference; fileEncoding = 4; lastKnownFileType = sourcecode.c.objc; path = MJRefreshHeader.m; sourceTree = "<group>"; };
		1CCF1D211C7EEC5E007E3743 /* MJRefreshAutoGifFooter.h */ = {isa = PBXFileReference; fileEncoding = 4; lastKnownFileType = sourcecode.c.h; path = MJRefreshAutoGifFooter.h; sourceTree = "<group>"; };
		1CCF1D221C7EEC5E007E3743 /* MJRefreshAutoGifFooter.m */ = {isa = PBXFileReference; fileEncoding = 4; lastKnownFileType = sourcecode.c.objc; path = MJRefreshAutoGifFooter.m; sourceTree = "<group>"; };
		1CCF1D231C7EEC5E007E3743 /* MJRefreshAutoNormalFooter.h */ = {isa = PBXFileReference; fileEncoding = 4; lastKnownFileType = sourcecode.c.h; path = MJRefreshAutoNormalFooter.h; sourceTree = "<group>"; };
		1CCF1D241C7EEC5E007E3743 /* MJRefreshAutoNormalFooter.m */ = {isa = PBXFileReference; fileEncoding = 4; lastKnownFileType = sourcecode.c.objc; path = MJRefreshAutoNormalFooter.m; sourceTree = "<group>"; };
		1CCF1D251C7EEC5E007E3743 /* MJRefreshAutoStateFooter.h */ = {isa = PBXFileReference; fileEncoding = 4; lastKnownFileType = sourcecode.c.h; path = MJRefreshAutoStateFooter.h; sourceTree = "<group>"; };
		1CCF1D261C7EEC5E007E3743 /* MJRefreshAutoStateFooter.m */ = {isa = PBXFileReference; fileEncoding = 4; lastKnownFileType = sourcecode.c.objc; path = MJRefreshAutoStateFooter.m; sourceTree = "<group>"; };
		1CCF1D281C7EEC5E007E3743 /* MJRefreshBackGifFooter.h */ = {isa = PBXFileReference; fileEncoding = 4; lastKnownFileType = sourcecode.c.h; path = MJRefreshBackGifFooter.h; sourceTree = "<group>"; };
		1CCF1D291C7EEC5E007E3743 /* MJRefreshBackGifFooter.m */ = {isa = PBXFileReference; fileEncoding = 4; lastKnownFileType = sourcecode.c.objc; path = MJRefreshBackGifFooter.m; sourceTree = "<group>"; };
		1CCF1D2A1C7EEC5E007E3743 /* MJRefreshBackNormalFooter.h */ = {isa = PBXFileReference; fileEncoding = 4; lastKnownFileType = sourcecode.c.h; path = MJRefreshBackNormalFooter.h; sourceTree = "<group>"; };
		1CCF1D2B1C7EEC5E007E3743 /* MJRefreshBackNormalFooter.m */ = {isa = PBXFileReference; fileEncoding = 4; lastKnownFileType = sourcecode.c.objc; path = MJRefreshBackNormalFooter.m; sourceTree = "<group>"; };
		1CCF1D2C1C7EEC5E007E3743 /* MJRefreshBackStateFooter.h */ = {isa = PBXFileReference; fileEncoding = 4; lastKnownFileType = sourcecode.c.h; path = MJRefreshBackStateFooter.h; sourceTree = "<group>"; };
		1CCF1D2D1C7EEC5E007E3743 /* MJRefreshBackStateFooter.m */ = {isa = PBXFileReference; fileEncoding = 4; lastKnownFileType = sourcecode.c.objc; path = MJRefreshBackStateFooter.m; sourceTree = "<group>"; };
		1CCF1D2F1C7EEC5E007E3743 /* MJRefreshGifHeader.h */ = {isa = PBXFileReference; fileEncoding = 4; lastKnownFileType = sourcecode.c.h; path = MJRefreshGifHeader.h; sourceTree = "<group>"; };
		1CCF1D301C7EEC5E007E3743 /* MJRefreshGifHeader.m */ = {isa = PBXFileReference; fileEncoding = 4; lastKnownFileType = sourcecode.c.objc; path = MJRefreshGifHeader.m; sourceTree = "<group>"; };
		1CCF1D311C7EEC5E007E3743 /* MJRefreshNormalHeader.h */ = {isa = PBXFileReference; fileEncoding = 4; lastKnownFileType = sourcecode.c.h; path = MJRefreshNormalHeader.h; sourceTree = "<group>"; };
		1CCF1D321C7EEC5E007E3743 /* MJRefreshNormalHeader.m */ = {isa = PBXFileReference; fileEncoding = 4; lastKnownFileType = sourcecode.c.objc; path = MJRefreshNormalHeader.m; sourceTree = "<group>"; };
		1CCF1D331C7EEC5E007E3743 /* MJRefreshStateHeader.h */ = {isa = PBXFileReference; fileEncoding = 4; lastKnownFileType = sourcecode.c.h; path = MJRefreshStateHeader.h; sourceTree = "<group>"; };
		1CCF1D341C7EEC5E007E3743 /* MJRefreshStateHeader.m */ = {isa = PBXFileReference; fileEncoding = 4; lastKnownFileType = sourcecode.c.objc; path = MJRefreshStateHeader.m; sourceTree = "<group>"; };
		1CCF1D351C7EEC5E007E3743 /* MJRefresh.bundle */ = {isa = PBXFileReference; lastKnownFileType = "wrapper.plug-in"; path = MJRefresh.bundle; sourceTree = "<group>"; };
		1CCF1D361C7EEC5E007E3743 /* MJRefresh.h */ = {isa = PBXFileReference; fileEncoding = 4; lastKnownFileType = sourcecode.c.h; path = MJRefresh.h; sourceTree = "<group>"; };
		1CCF1D371C7EEC5E007E3743 /* MJRefreshConst.h */ = {isa = PBXFileReference; fileEncoding = 4; lastKnownFileType = sourcecode.c.h; path = MJRefreshConst.h; sourceTree = "<group>"; };
		1CCF1D381C7EEC5E007E3743 /* MJRefreshConst.m */ = {isa = PBXFileReference; fileEncoding = 4; lastKnownFileType = sourcecode.c.objc; path = MJRefreshConst.m; sourceTree = "<group>"; };
		1CCF1D391C7EEC5E007E3743 /* UIScrollView+MJExtension.h */ = {isa = PBXFileReference; fileEncoding = 4; lastKnownFileType = sourcecode.c.h; path = "UIScrollView+MJExtension.h"; sourceTree = "<group>"; };
		1CCF1D3A1C7EEC5E007E3743 /* UIScrollView+MJExtension.m */ = {isa = PBXFileReference; fileEncoding = 4; lastKnownFileType = sourcecode.c.objc; path = "UIScrollView+MJExtension.m"; sourceTree = "<group>"; };
		1CCF1D3B1C7EEC5E007E3743 /* UIScrollView+MJRefresh.h */ = {isa = PBXFileReference; fileEncoding = 4; lastKnownFileType = sourcecode.c.h; path = "UIScrollView+MJRefresh.h"; sourceTree = "<group>"; };
		1CCF1D3C1C7EEC5E007E3743 /* UIScrollView+MJRefresh.m */ = {isa = PBXFileReference; fileEncoding = 4; lastKnownFileType = sourcecode.c.objc; path = "UIScrollView+MJRefresh.m"; sourceTree = "<group>"; };
		1CCF1D3D1C7EEC5E007E3743 /* UIView+MJExtension.h */ = {isa = PBXFileReference; fileEncoding = 4; lastKnownFileType = sourcecode.c.h; path = "UIView+MJExtension.h"; sourceTree = "<group>"; };
		1CCF1D3E1C7EEC5E007E3743 /* UIView+MJExtension.m */ = {isa = PBXFileReference; fileEncoding = 4; lastKnownFileType = sourcecode.c.objc; path = "UIView+MJExtension.m"; sourceTree = "<group>"; };
/* End PBXFileReference section */

/* Begin PBXFrameworksBuildPhase section */
		1C67D7351C7C4DFC0020A754 /* Frameworks */ = {
			isa = PBXFrameworksBuildPhase;
			buildActionMask = 2147483647;
			files = (
			);
			runOnlyForDeploymentPostprocessing = 0;
		};
		1C67D7491C7C4DFC0020A754 /* Frameworks */ = {
			isa = PBXFrameworksBuildPhase;
			buildActionMask = 2147483647;
			files = (
			);
			runOnlyForDeploymentPostprocessing = 0;
		};
		1C67D7541C7C4DFC0020A754 /* Frameworks */ = {
			isa = PBXFrameworksBuildPhase;
			buildActionMask = 2147483647;
			files = (
			);
			runOnlyForDeploymentPostprocessing = 0;
		};
/* End PBXFrameworksBuildPhase section */

/* Begin PBXGroup section */
		1C67D72F1C7C4DFC0020A754 = {
			isa = PBXGroup;
			children = (
				1C67D73A1C7C4DFC0020A754 /* MarcBiliBili */,
				1C67D74F1C7C4DFC0020A754 /* MarcBiliBiliTests */,
				1C67D75A1C7C4DFC0020A754 /* MarcBiliBiliUITests */,
				1C67D7391C7C4DFC0020A754 /* Products */,
			);
			sourceTree = "<group>";
		};
		1C67D7391C7C4DFC0020A754 /* Products */ = {
			isa = PBXGroup;
			children = (
				1C67D7381C7C4DFC0020A754 /* MarcBiliBili.app */,
				1C67D74C1C7C4DFC0020A754 /* MarcBiliBiliTests.xctest */,
				1C67D7571C7C4DFC0020A754 /* MarcBiliBiliUITests.xctest */,
			);
			name = Products;
			sourceTree = "<group>";
		};
		1C67D73A1C7C4DFC0020A754 /* MarcBiliBili */ = {
			isa = PBXGroup;
			children = (
				1CBF35DD1C7E944800177D99 /* Class */,
				1C67D73B1C7C4DFC0020A754 /* AppDelegate.swift */,
				1C67D7421C7C4DFC0020A754 /* Assets.xcassets */,
				1C67D7441C7C4DFC0020A754 /* LaunchScreen.storyboard */,
				1C67D7471C7C4DFC0020A754 /* Info.plist */,
			);
			path = MarcBiliBili;
			sourceTree = "<group>";
		};
		1C67D74F1C7C4DFC0020A754 /* MarcBiliBiliTests */ = {
			isa = PBXGroup;
			children = (
				1C67D7501C7C4DFC0020A754 /* MarcBiliBiliTests.swift */,
				1C67D7521C7C4DFC0020A754 /* Info.plist */,
			);
			path = MarcBiliBiliTests;
			sourceTree = "<group>";
		};
		1C67D75A1C7C4DFC0020A754 /* MarcBiliBiliUITests */ = {
			isa = PBXGroup;
			children = (
				1C67D75B1C7C4DFC0020A754 /* MarcBiliBiliUITests.swift */,
				1C67D75D1C7C4DFC0020A754 /* Info.plist */,
			);
			path = MarcBiliBiliUITests;
			sourceTree = "<group>";
		};
		1CBF35DD1C7E944800177D99 /* Class */ = {
			isa = PBXGroup;
			children = (
				1CCF1D091C7EEC41007E3743 /* Lib */,
				1CBF35DE1C7E944800177D99 /* Base */,
				1CBF35DF1C7E944800177D99 /* 关注 */,
				1CBF35E71C7E944800177D99 /* 发现 */,
				1CBF35EF1C7E944800177D99 /* 我的 */,
				1CBF35F71C7E944800177D99 /* 首页 */,
			);
			path = Class;
			sourceTree = "<group>";
		};
		1CBF35DE1C7E944800177D99 /* Base */ = {
			isa = PBXGroup;
			children = (
				1CBF35DB1C7E91B200177D99 /* BiliBaseTabBarController.swift */,
				1CBF35FF1C7E949000177D99 /* BaseViewController.swift */,
				1CBF363E1C7EE17300177D99 /* BaseNavigationController.swift */,
				1CCF1D081C7EEAD6007E3743 /* Bili-Brigding-Header.h */,
				1CBF36091C7E9A9900177D99 /* Images */,
			);
			path = Base;
			sourceTree = "<group>";
		};
		1CBF35DF1C7E944800177D99 /* 关注 */ = {
			isa = PBXGroup;
			children = (
				1CBF35E01C7E944800177D99 /* Category */,
				1CBF35E11C7E944800177D99 /* Controllers */,
				1CBF35E21C7E944800177D99 /* Images */,
				1CBF35E31C7E944800177D99 /* Models */,
				1CBF35E41C7E944800177D99 /* Tools */,
				1CBF35E51C7E944800177D99 /* Utils */,
				1CBF35E61C7E944800177D99 /* Views */,
			);
			path = "关注";
			sourceTree = "<group>";
		};
		1CBF35E01C7E944800177D99 /* Category */ = {
			isa = PBXGroup;
			children = (
			);
			path = Category;
			sourceTree = "<group>";
		};
		1CBF35E11C7E944800177D99 /* Controllers */ = {
			isa = PBXGroup;
			children = (
				1CBF36071C7E95A600177D99 /* AttentionViewController.swift */,
			);
			path = Controllers;
			sourceTree = "<group>";
		};
		1CBF35E21C7E944800177D99 /* Images */ = {
			isa = PBXGroup;
			children = (
			);
			path = Images;
			sourceTree = "<group>";
		};
		1CBF35E31C7E944800177D99 /* Models */ = {
			isa = PBXGroup;
			children = (
			);
			path = Models;
			sourceTree = "<group>";
		};
		1CBF35E41C7E944800177D99 /* Tools */ = {
			isa = PBXGroup;
			children = (
			);
			path = Tools;
			sourceTree = "<group>";
		};
		1CBF35E51C7E944800177D99 /* Utils */ = {
			isa = PBXGroup;
			children = (
			);
			path = Utils;
			sourceTree = "<group>";
		};
		1CBF35E61C7E944800177D99 /* Views */ = {
			isa = PBXGroup;
			children = (
			);
			path = Views;
			sourceTree = "<group>";
		};
		1CBF35E71C7E944800177D99 /* 发现 */ = {
			isa = PBXGroup;
			children = (
				1CBF35E81C7E944800177D99 /* Category */,
				1CBF35E91C7E944800177D99 /* Controllers */,
				1CBF35EA1C7E944800177D99 /* Images */,
				1CBF35EB1C7E944800177D99 /* Models */,
				1CBF35EC1C7E944800177D99 /* Tools */,
				1CBF35ED1C7E944800177D99 /* Utils */,
				1CBF35EE1C7E944800177D99 /* Views */,
			);
			path = "发现";
			sourceTree = "<group>";
		};
		1CBF35E81C7E944800177D99 /* Category */ = {
			isa = PBXGroup;
			children = (
			);
			path = Category;
			sourceTree = "<group>";
		};
		1CBF35E91C7E944800177D99 /* Controllers */ = {
			isa = PBXGroup;
			children = (
				1CBF36051C7E956000177D99 /* FondViewController.swift */,
			);
			path = Controllers;
			sourceTree = "<group>";
		};
		1CBF35EA1C7E944800177D99 /* Images */ = {
			isa = PBXGroup;
			children = (
			);
			path = Images;
			sourceTree = "<group>";
		};
		1CBF35EB1C7E944800177D99 /* Models */ = {
			isa = PBXGroup;
			children = (
			);
			path = Models;
			sourceTree = "<group>";
		};
		1CBF35EC1C7E944800177D99 /* Tools */ = {
			isa = PBXGroup;
			children = (
			);
			path = Tools;
			sourceTree = "<group>";
		};
		1CBF35ED1C7E944800177D99 /* Utils */ = {
			isa = PBXGroup;
			children = (
			);
			path = Utils;
			sourceTree = "<group>";
		};
		1CBF35EE1C7E944800177D99 /* Views */ = {
			isa = PBXGroup;
			children = (
			);
			path = Views;
			sourceTree = "<group>";
		};
		1CBF35EF1C7E944800177D99 /* 我的 */ = {
			isa = PBXGroup;
			children = (
				1CBF35F01C7E944800177D99 /* Category */,
				1CBF35F11C7E944800177D99 /* Controllers */,
				1CBF35F21C7E944800177D99 /* Images */,
				1CBF35F31C7E944800177D99 /* Models */,
				1CBF35F41C7E944800177D99 /* Tools */,
				1CBF35F51C7E944800177D99 /* Utils */,
				1CBF35F61C7E944800177D99 /* Views */,
			);
			path = "我的";
			sourceTree = "<group>";
		};
		1CBF35F01C7E944800177D99 /* Category */ = {
			isa = PBXGroup;
			children = (
			);
			path = Category;
			sourceTree = "<group>";
		};
		1CBF35F11C7E944800177D99 /* Controllers */ = {
			isa = PBXGroup;
			children = (
				1CBF36031C7E952300177D99 /* MineVIewController.swift */,
			);
			path = Controllers;
			sourceTree = "<group>";
		};
		1CBF35F21C7E944800177D99 /* Images */ = {
			isa = PBXGroup;
			children = (
			);
			path = Images;
			sourceTree = "<group>";
		};
		1CBF35F31C7E944800177D99 /* Models */ = {
			isa = PBXGroup;
			children = (
			);
			path = Models;
			sourceTree = "<group>";
		};
		1CBF35F41C7E944800177D99 /* Tools */ = {
			isa = PBXGroup;
			children = (
			);
			path = Tools;
			sourceTree = "<group>";
		};
		1CBF35F51C7E944800177D99 /* Utils */ = {
			isa = PBXGroup;
			children = (
			);
			path = Utils;
			sourceTree = "<group>";
		};
		1CBF35F61C7E944800177D99 /* Views */ = {
			isa = PBXGroup;
			children = (
			);
			path = Views;
			sourceTree = "<group>";
		};
		1CBF35F71C7E944800177D99 /* 首页 */ = {
			isa = PBXGroup;
			children = (
				1CBF35F81C7E944800177D99 /* Category */,
				1CBF35F91C7E944800177D99 /* Controllers */,
				1CBF35FA1C7E944800177D99 /* Images */,
				1CBF35FB1C7E944800177D99 /* Models */,
				1CBF35FC1C7E944800177D99 /* Tools */,
				1CBF35FD1C7E944800177D99 /* Utils */,
				1CBF35FE1C7E944800177D99 /* Views */,
			);
			path = "首页";
			sourceTree = "<group>";
		};
		1CBF35F81C7E944800177D99 /* Category */ = {
			isa = PBXGroup;
			children = (
			);
			path = Category;
			sourceTree = "<group>";
		};
		1CBF35F91C7E944800177D99 /* Controllers */ = {
			isa = PBXGroup;
			children = (
				1CBF36011C7E94F100177D99 /* MainViewController.swift */,
			);
			path = Controllers;
			sourceTree = "<group>";
		};
		1CBF35FA1C7E944800177D99 /* Images */ = {
			isa = PBXGroup;
			children = (
			);
			path = Images;
			sourceTree = "<group>";
		};
		1CBF35FB1C7E944800177D99 /* Models */ = {
			isa = PBXGroup;
			children = (
			);
			path = Models;
			sourceTree = "<group>";
		};
		1CBF35FC1C7E944800177D99 /* Tools */ = {
			isa = PBXGroup;
			children = (
			);
			path = Tools;
			sourceTree = "<group>";
		};
		1CBF35FD1C7E944800177D99 /* Utils */ = {
			isa = PBXGroup;
			children = (
			);
			path = Utils;
			sourceTree = "<group>";
		};
		1CBF35FE1C7E944800177D99 /* Views */ = {
			isa = PBXGroup;
			children = (
			);
			path = Views;
			sourceTree = "<group>";
		};
		1CBF36091C7E9A9900177D99 /* Images */ = {
			isa = PBXGroup;
			children = (
				1CCF1CC41C7EE30A007E3743 /* NavImages */,
				1CCF1CC51C7EE30A007E3743 /* TabarImages */,
			);
			path = Images;
			sourceTree = "<group>";
		};
		1CCF1CC41C7EE30A007E3743 /* NavImages */ = {
			isa = PBXGroup;
			children = (
				1CCF1D061C7EE957007E3743 /* navigationbarBackgroundWhite.png */,
				1CCF1D001C7EE387007E3743 /* navigationButtonReturnClick.png */,
				1CCF1D011C7EE387007E3743 /* navigationButtonReturnClick@2x.png */,
				1CCF1D021C7EE387007E3743 /* navigationButtonReturnClick@3x.png */,
				1CCF1CFA1C7EE375007E3743 /* navigationButtonReturn.png */,
				1CCF1CFB1C7EE375007E3743 /* navigationButtonReturn@2x.png */,
				1CCF1CFC1C7EE375007E3743 /* navigationButtonReturn@3x.png */,
			);
			path = NavImages;
			sourceTree = "<group>";
		};
		1CCF1CC51C7EE30A007E3743 /* TabarImages */ = {
			isa = PBXGroup;
			children = (
				1CCF1CC61C7EE30A007E3743 /* tabbar-light.png */,
				1CCF1CC71C7EE30A007E3743 /* tabbar-light@2x.png */,
				1CCF1CC81C7EE30A007E3743 /* tabBar_essence_click_icon.png */,
				1CCF1CC91C7EE30A007E3743 /* tabBar_essence_click_icon@2x.png */,
				1CCF1CCA1C7EE30A007E3743 /* tabBar_essence_click_icon@3x.png */,
				1CCF1CCB1C7EE30A007E3743 /* tabBar_essence_icon.png */,
				1CCF1CCC1C7EE30A007E3743 /* tabBar_essence_icon@2x.png */,
				1CCF1CCD1C7EE30A007E3743 /* tabBar_essence_icon@3x.png */,
				1CCF1CCE1C7EE30A007E3743 /* tabBar_friendTrends_click_icon.png */,
				1CCF1CCF1C7EE30A007E3743 /* tabBar_friendTrends_click_icon@2x.png */,
				1CCF1CD01C7EE30A007E3743 /* tabBar_friendTrends_click_icon@3x.png */,
				1CCF1CD11C7EE30A007E3743 /* tabBar_friendTrends_icon.png */,
				1CCF1CD21C7EE30A007E3743 /* tabBar_friendTrends_icon@2x.png */,
				1CCF1CD31C7EE30A007E3743 /* tabBar_friendTrends_icon@3x.png */,
				1CCF1CD41C7EE30A007E3743 /* tabBar_me_click_icon.png */,
				1CCF1CD51C7EE30A007E3743 /* tabBar_me_click_icon@2x.png */,
				1CCF1CD61C7EE30A007E3743 /* tabBar_me_click_icon@3x.png */,
				1CCF1CD71C7EE30A007E3743 /* tabBar_me_icon.png */,
				1CCF1CD81C7EE30A007E3743 /* tabBar_me_icon@2x.png */,
				1CCF1CD91C7EE30A007E3743 /* tabBar_me_icon@3x.png */,
				1CCF1CDA1C7EE30A007E3743 /* tabBar_new_click_icon.png */,
				1CCF1CDB1C7EE30A007E3743 /* tabBar_new_click_icon@2x.png */,
				1CCF1CDC1C7EE30A007E3743 /* tabBar_new_click_icon@3x.png */,
				1CCF1CDD1C7EE30A007E3743 /* tabBar_new_icon.png */,
				1CCF1CDE1C7EE30A007E3743 /* tabBar_new_icon@2x.png */,
				1CCF1CDF1C7EE30A007E3743 /* tabBar_new_icon@3x.png */,
			);
			path = TabarImages;
			sourceTree = "<group>";
		};
		1CCF1D091C7EEC41007E3743 /* Lib */ = {
			isa = PBXGroup;
			children = (
				1CCF1D0A1C7EEC41007E3743 /* OC */,
				1CCF1D0B1C7EEC41007E3743 /* Swift */,
			);
			path = Lib;
			sourceTree = "<group>";
		};
		1CCF1D0A1C7EEC41007E3743 /* OC */ = {
			isa = PBXGroup;
			children = (
				1CCF1D121C7EEC5E007E3743 /* MJRefresh */,
				1CCF1D0C1C7EEC53007E3743 /* ProgressHUD */,
			);
			path = OC;
			sourceTree = "<group>";
		};
		1CCF1D0B1C7EEC41007E3743 /* Swift */ = {
			isa = PBXGroup;
			children = (
			);
			path = Swift;
			sourceTree = "<group>";
		};
		1CCF1D0C1C7EEC53007E3743 /* ProgressHUD */ = {
			isa = PBXGroup;
			children = (
				1CCF1D0D1C7EEC53007E3743 /* ProgressHUD.bundle */,
				1CCF1D0E1C7EEC53007E3743 /* ProgressHUD.h */,
				1CCF1D0F1C7EEC53007E3743 /* ProgressHUD.m */,
			);
			path = ProgressHUD;
			sourceTree = "<group>";
		};
		1CCF1D121C7EEC5E007E3743 /* MJRefresh */ = {
			isa = PBXGroup;
			children = (
				1CCF1D131C7EEC5E007E3743 /* Base */,
				1CCF1D1E1C7EEC5E007E3743 /* Custom */,
				1CCF1D351C7EEC5E007E3743 /* MJRefresh.bundle */,
				1CCF1D361C7EEC5E007E3743 /* MJRefresh.h */,
				1CCF1D371C7EEC5E007E3743 /* MJRefreshConst.h */,
				1CCF1D381C7EEC5E007E3743 /* MJRefreshConst.m */,
				1CCF1D391C7EEC5E007E3743 /* UIScrollView+MJExtension.h */,
				1CCF1D3A1C7EEC5E007E3743 /* UIScrollView+MJExtension.m */,
				1CCF1D3B1C7EEC5E007E3743 /* UIScrollView+MJRefresh.h */,
				1CCF1D3C1C7EEC5E007E3743 /* UIScrollView+MJRefresh.m */,
				1CCF1D3D1C7EEC5E007E3743 /* UIView+MJExtension.h */,
				1CCF1D3E1C7EEC5E007E3743 /* UIView+MJExtension.m */,
			);
			path = MJRefresh;
			sourceTree = "<group>";
		};
		1CCF1D131C7EEC5E007E3743 /* Base */ = {
			isa = PBXGroup;
			children = (
				1CCF1D141C7EEC5E007E3743 /* MJRefreshAutoFooter.h */,
				1CCF1D151C7EEC5E007E3743 /* MJRefreshAutoFooter.m */,
				1CCF1D161C7EEC5E007E3743 /* MJRefreshBackFooter.h */,
				1CCF1D171C7EEC5E007E3743 /* MJRefreshBackFooter.m */,
				1CCF1D181C7EEC5E007E3743 /* MJRefreshComponent.h */,
				1CCF1D191C7EEC5E007E3743 /* MJRefreshComponent.m */,
				1CCF1D1A1C7EEC5E007E3743 /* MJRefreshFooter.h */,
				1CCF1D1B1C7EEC5E007E3743 /* MJRefreshFooter.m */,
				1CCF1D1C1C7EEC5E007E3743 /* MJRefreshHeader.h */,
				1CCF1D1D1C7EEC5E007E3743 /* MJRefreshHeader.m */,
			);
			path = Base;
			sourceTree = "<group>";
		};
		1CCF1D1E1C7EEC5E007E3743 /* Custom */ = {
			isa = PBXGroup;
			children = (
				1CCF1D1F1C7EEC5E007E3743 /* Footer */,
				1CCF1D2E1C7EEC5E007E3743 /* Header */,
			);
			path = Custom;
			sourceTree = "<group>";
		};
		1CCF1D1F1C7EEC5E007E3743 /* Footer */ = {
			isa = PBXGroup;
			children = (
				1CCF1D201C7EEC5E007E3743 /* Auto */,
				1CCF1D271C7EEC5E007E3743 /* Back */,
			);
			path = Footer;
			sourceTree = "<group>";
		};
		1CCF1D201C7EEC5E007E3743 /* Auto */ = {
			isa = PBXGroup;
			children = (
				1CCF1D211C7EEC5E007E3743 /* MJRefreshAutoGifFooter.h */,
				1CCF1D221C7EEC5E007E3743 /* MJRefreshAutoGifFooter.m */,
				1CCF1D231C7EEC5E007E3743 /* MJRefreshAutoNormalFooter.h */,
				1CCF1D241C7EEC5E007E3743 /* MJRefreshAutoNormalFooter.m */,
				1CCF1D251C7EEC5E007E3743 /* MJRefreshAutoStateFooter.h */,
				1CCF1D261C7EEC5E007E3743 /* MJRefreshAutoStateFooter.m */,
			);
			path = Auto;
			sourceTree = "<group>";
		};
		1CCF1D271C7EEC5E007E3743 /* Back */ = {
			isa = PBXGroup;
			children = (
				1CCF1D281C7EEC5E007E3743 /* MJRefreshBackGifFooter.h */,
				1CCF1D291C7EEC5E007E3743 /* MJRefreshBackGifFooter.m */,
				1CCF1D2A1C7EEC5E007E3743 /* MJRefreshBackNormalFooter.h */,
				1CCF1D2B1C7EEC5E007E3743 /* MJRefreshBackNormalFooter.m */,
				1CCF1D2C1C7EEC5E007E3743 /* MJRefreshBackStateFooter.h */,
				1CCF1D2D1C7EEC5E007E3743 /* MJRefreshBackStateFooter.m */,
			);
			path = Back;
			sourceTree = "<group>";
		};
		1CCF1D2E1C7EEC5E007E3743 /* Header */ = {
			isa = PBXGroup;
			children = (
				1CCF1D2F1C7EEC5E007E3743 /* MJRefreshGifHeader.h */,
				1CCF1D301C7EEC5E007E3743 /* MJRefreshGifHeader.m */,
				1CCF1D311C7EEC5E007E3743 /* MJRefreshNormalHeader.h */,
				1CCF1D321C7EEC5E007E3743 /* MJRefreshNormalHeader.m */,
				1CCF1D331C7EEC5E007E3743 /* MJRefreshStateHeader.h */,
				1CCF1D341C7EEC5E007E3743 /* MJRefreshStateHeader.m */,
			);
			path = Header;
			sourceTree = "<group>";
		};
/* End PBXGroup section */

/* Begin PBXNativeTarget section */
		1C67D7371C7C4DFC0020A754 /* MarcBiliBili */ = {
			isa = PBXNativeTarget;
			buildConfigurationList = 1C67D7601C7C4DFC0020A754 /* Build configuration list for PBXNativeTarget "MarcBiliBili" */;
			buildPhases = (
				1C67D7341C7C4DFC0020A754 /* Sources */,
				1C67D7351C7C4DFC0020A754 /* Frameworks */,
				1C67D7361C7C4DFC0020A754 /* Resources */,
			);
			buildRules = (
			);
			dependencies = (
			);
			name = MarcBiliBili;
			productName = MarcBiliBili;
			productReference = 1C67D7381C7C4DFC0020A754 /* MarcBiliBili.app */;
			productType = "com.apple.product-type.application";
		};
		1C67D74B1C7C4DFC0020A754 /* MarcBiliBiliTests */ = {
			isa = PBXNativeTarget;
			buildConfigurationList = 1C67D7631C7C4DFC0020A754 /* Build configuration list for PBXNativeTarget "MarcBiliBiliTests" */;
			buildPhases = (
				1C67D7481C7C4DFC0020A754 /* Sources */,
				1C67D7491C7C4DFC0020A754 /* Frameworks */,
				1C67D74A1C7C4DFC0020A754 /* Resources */,
			);
			buildRules = (
			);
			dependencies = (
				1C67D74E1C7C4DFC0020A754 /* PBXTargetDependency */,
			);
			name = MarcBiliBiliTests;
			productName = MarcBiliBiliTests;
			productReference = 1C67D74C1C7C4DFC0020A754 /* MarcBiliBiliTests.xctest */;
			productType = "com.apple.product-type.bundle.unit-test";
		};
		1C67D7561C7C4DFC0020A754 /* MarcBiliBiliUITests */ = {
			isa = PBXNativeTarget;
			buildConfigurationList = 1C67D7661C7C4DFC0020A754 /* Build configuration list for PBXNativeTarget "MarcBiliBiliUITests" */;
			buildPhases = (
				1C67D7531C7C4DFC0020A754 /* Sources */,
				1C67D7541C7C4DFC0020A754 /* Frameworks */,
				1C67D7551C7C4DFC0020A754 /* Resources */,
			);
			buildRules = (
			);
			dependencies = (
				1C67D7591C7C4DFC0020A754 /* PBXTargetDependency */,
			);
			name = MarcBiliBiliUITests;
			productName = MarcBiliBiliUITests;
			productReference = 1C67D7571C7C4DFC0020A754 /* MarcBiliBiliUITests.xctest */;
			productType = "com.apple.product-type.bundle.ui-testing";
		};
/* End PBXNativeTarget section */

/* Begin PBXProject section */
		1C67D7301C7C4DFC0020A754 /* Project object */ = {
			isa = PBXProject;
			attributes = {
				LastSwiftUpdateCheck = 0720;
				LastUpgradeCheck = 0720;
				ORGANIZATIONNAME = Nie;
				TargetAttributes = {
					1C67D7371C7C4DFC0020A754 = {
						CreatedOnToolsVersion = 7.2;
					};
					1C67D74B1C7C4DFC0020A754 = {
						CreatedOnToolsVersion = 7.2;
						TestTargetID = 1C67D7371C7C4DFC0020A754;
					};
					1C67D7561C7C4DFC0020A754 = {
						CreatedOnToolsVersion = 7.2;
						TestTargetID = 1C67D7371C7C4DFC0020A754;
					};
				};
			};
			buildConfigurationList = 1C67D7331C7C4DFC0020A754 /* Build configuration list for PBXProject "MarcBiliBili" */;
			compatibilityVersion = "Xcode 3.2";
			developmentRegion = English;
			hasScannedForEncodings = 0;
			knownRegions = (
				en,
				Base,
			);
			mainGroup = 1C67D72F1C7C4DFC0020A754;
			productRefGroup = 1C67D7391C7C4DFC0020A754 /* Products */;
			projectDirPath = "";
			projectRoot = "";
			targets = (
				1C67D7371C7C4DFC0020A754 /* MarcBiliBili */,
				1C67D74B1C7C4DFC0020A754 /* MarcBiliBiliTests */,
				1C67D7561C7C4DFC0020A754 /* MarcBiliBiliUITests */,
			);
		};
/* End PBXProject section */

/* Begin PBXResourcesBuildPhase section */
		1C67D7361C7C4DFC0020A754 /* Resources */ = {
			isa = PBXResourcesBuildPhase;
			buildActionMask = 2147483647;
			files = (
				1CCF1D051C7EE387007E3743 /* navigationButtonReturnClick@3x.png in Resources */,
				1CCF1CFD1C7EE375007E3743 /* navigationButtonReturn.png in Resources */,
				1C67D7461C7C4DFC0020A754 /* LaunchScreen.storyboard in Resources */,
				1CCF1CE61C7EE30A007E3743 /* tabBar_essence_icon@2x.png in Resources */,
				1CCF1CEF1C7EE30A007E3743 /* tabBar_me_click_icon@2x.png in Resources */,
				1CCF1D031C7EE387007E3743 /* navigationButtonReturnClick.png in Resources */,
				1CCF1CF51C7EE30A007E3743 /* tabBar_new_click_icon@2x.png in Resources */,
				1CCF1CE11C7EE30A007E3743 /* tabbar-light@2x.png in Resources */,
				1CCF1CF71C7EE30A007E3743 /* tabBar_new_icon.png in Resources */,
				1CCF1CEE1C7EE30A007E3743 /* tabBar_me_click_icon.png in Resources */,
				1CCF1CE81C7EE30A007E3743 /* tabBar_friendTrends_click_icon.png in Resources */,
				1CCF1CF11C7EE30A007E3743 /* tabBar_me_icon.png in Resources */,
				1CCF1CFE1C7EE375007E3743 /* navigationButtonReturn@2x.png in Resources */,
				1CCF1CE31C7EE30A007E3743 /* tabBar_essence_click_icon@2x.png in Resources */,
				1CCF1CEA1C7EE30A007E3743 /* tabBar_friendTrends_click_icon@3x.png in Resources */,
				1CCF1CE51C7EE30A007E3743 /* tabBar_essence_icon.png in Resources */,
				1CCF1CE91C7EE30A007E3743 /* tabBar_friendTrends_click_icon@2x.png in Resources */,
				1CCF1CF21C7EE30A007E3743 /* tabBar_me_icon@2x.png in Resources */,
				1CCF1CF81C7EE30A007E3743 /* tabBar_new_icon@2x.png in Resources */,
				1CCF1CED1C7EE30A007E3743 /* tabBar_friendTrends_icon@3x.png in Resources */,
				1CCF1CE41C7EE30A007E3743 /* tabBar_essence_click_icon@3x.png in Resources */,
				1CCF1CF41C7EE30A007E3743 /* tabBar_new_click_icon.png in Resources */,
				1CCF1D4D1C7EEC5E007E3743 /* MJRefresh.bundle in Resources */,
				1CCF1D071C7EE957007E3743 /* navigationbarBackgroundWhite.png in Resources */,
				1CCF1CF31C7EE30A007E3743 /* tabBar_me_icon@3x.png in Resources */,
				1CCF1CE21C7EE30A007E3743 /* tabBar_essence_click_icon.png in Resources */,
				1CCF1CEB1C7EE30A007E3743 /* tabBar_friendTrends_icon.png in Resources */,
				1CCF1CF91C7EE30A007E3743 /* tabBar_new_icon@3x.png in Resources */,
				1CCF1CE01C7EE30A007E3743 /* tabbar-light.png in Resources */,
				1CCF1CEC1C7EE30A007E3743 /* tabBar_friendTrends_icon@2x.png in Resources */,
				1CCF1CF61C7EE30A007E3743 /* tabBar_new_click_icon@3x.png in Resources */,
				1C67D7431C7C4DFC0020A754 /* Assets.xcassets in Resources */,
				1CCF1CE71C7EE30A007E3743 /* tabBar_essence_icon@3x.png in Resources */,
				1CCF1D101C7EEC53007E3743 /* ProgressHUD.bundle in Resources */,
				1CCF1CFF1C7EE375007E3743 /* navigationButtonReturn@3x.png in Resources */,
				1CCF1D041C7EE387007E3743 /* navigationButtonReturnClick@2x.png in Resources */,
				1CCF1CF01C7EE30A007E3743 /* tabBar_me_click_icon@3x.png in Resources */,
			);
			runOnlyForDeploymentPostprocessing = 0;
		};
		1C67D74A1C7C4DFC0020A754 /* Resources */ = {
			isa = PBXResourcesBuildPhase;
			buildActionMask = 2147483647;
			files = (
			);
			runOnlyForDeploymentPostprocessing = 0;
		};
		1C67D7551C7C4DFC0020A754 /* Resources */ = {
			isa = PBXResourcesBuildPhase;
			buildActionMask = 2147483647;
			files = (
			);
			runOnlyForDeploymentPostprocessing = 0;
		};
/* End PBXResourcesBuildPhase section */

/* Begin PBXSourcesBuildPhase section */
		1C67D7341C7C4DFC0020A754 /* Sources */ = {
			isa = PBXSourcesBuildPhase;
			buildActionMask = 2147483647;
			files = (
				1CCF1D3F1C7EEC5E007E3743 /* MJRefreshAutoFooter.m in Sources */,
				1CCF1D461C7EEC5E007E3743 /* MJRefreshAutoStateFooter.m in Sources */,
				1CCF1D481C7EEC5E007E3743 /* MJRefreshBackNormalFooter.m in Sources */,
				1CCF1D4A1C7EEC5E007E3743 /* MJRefreshGifHeader.m in Sources */,
				1CCF1D4F1C7EEC5E007E3743 /* UIScrollView+MJExtension.m in Sources */,
				1CCF1D111C7EEC53007E3743 /* ProgressHUD.m in Sources */,
				1CBF363F1C7EE17300177D99 /* BaseNavigationController.swift in Sources */,
				1CCF1D431C7EEC5E007E3743 /* MJRefreshHeader.m in Sources */,
				1CCF1D501C7EEC5E007E3743 /* UIScrollView+MJRefresh.m in Sources */,
				1CCF1D401C7EEC5E007E3743 /* MJRefreshBackFooter.m in Sources */,
				1CCF1D4E1C7EEC5E007E3743 /* MJRefreshConst.m in Sources */,
				1CBF36061C7E956000177D99 /* FondViewController.swift in Sources */,
				1CBF35DC1C7E91B200177D99 /* BiliBaseTabBarController.swift in Sources */,
				1CCF1D441C7EEC5E007E3743 /* MJRefreshAutoGifFooter.m in Sources */,
				1CBF36001C7E949000177D99 /* BaseViewController.swift in Sources */,
				1CBF36041C7E952300177D99 /* MineVIewController.swift in Sources */,
				1CCF1D421C7EEC5E007E3743 /* MJRefreshFooter.m in Sources */,
				1CCF1D411C7EEC5E007E3743 /* MJRefreshComponent.m in Sources */,
				1CCF1D471C7EEC5E007E3743 /* MJRefreshBackGifFooter.m in Sources */,
				1CBF36081C7E95A600177D99 /* AttentionViewController.swift in Sources */,
				1CCF1D4C1C7EEC5E007E3743 /* MJRefreshStateHeader.m in Sources */,
				1CCF1D491C7EEC5E007E3743 /* MJRefreshBackStateFooter.m in Sources */,
				1CCF1D511C7EEC5E007E3743 /* UIView+MJExtension.m in Sources */,
				1CCF1D4B1C7EEC5E007E3743 /* MJRefreshNormalHeader.m in Sources */,
				1CCF1D451C7EEC5E007E3743 /* MJRefreshAutoNormalFooter.m in Sources */,
				1C67D73C1C7C4DFC0020A754 /* AppDelegate.swift in Sources */,
				1CBF36021C7E94F100177D99 /* MainViewController.swift in Sources */,
			);
			runOnlyForDeploymentPostprocessing = 0;
		};
		1C67D7481C7C4DFC0020A754 /* Sources */ = {
			isa = PBXSourcesBuildPhase;
			buildActionMask = 2147483647;
			files = (
				1C67D7511C7C4DFC0020A754 /* MarcBiliBiliTests.swift in Sources */,
			);
			runOnlyForDeploymentPostprocessing = 0;
		};
		1C67D7531C7C4DFC0020A754 /* Sources */ = {
			isa = PBXSourcesBuildPhase;
			buildActionMask = 2147483647;
			files = (
				1C67D75C1C7C4DFC0020A754 /* MarcBiliBiliUITests.swift in Sources */,
			);
			runOnlyForDeploymentPostprocessing = 0;
		};
/* End PBXSourcesBuildPhase section */

/* Begin PBXTargetDependency section */
		1C67D74E1C7C4DFC0020A754 /* PBXTargetDependency */ = {
			isa = PBXTargetDependency;
			target = 1C67D7371C7C4DFC0020A754 /* MarcBiliBili */;
			targetProxy = 1C67D74D1C7C4DFC0020A754 /* PBXContainerItemProxy */;
		};
		1C67D7591C7C4DFC0020A754 /* PBXTargetDependency */ = {
			isa = PBXTargetDependency;
			target = 1C67D7371C7C4DFC0020A754 /* MarcBiliBili */;
			targetProxy = 1C67D7581C7C4DFC0020A754 /* PBXContainerItemProxy */;
		};
/* End PBXTargetDependency section */

/* Begin PBXVariantGroup section */
		1C67D7441C7C4DFC0020A754 /* LaunchScreen.storyboard */ = {
			isa = PBXVariantGroup;
			children = (
				1C67D7451C7C4DFC0020A754 /* Base */,
			);
			name = LaunchScreen.storyboard;
			sourceTree = "<group>";
		};
/* End PBXVariantGroup section */

/* Begin XCBuildConfiguration section */
		1C67D75E1C7C4DFC0020A754 /* Debug */ = {
			isa = XCBuildConfiguration;
			buildSettings = {
				ALWAYS_SEARCH_USER_PATHS = NO;
				CLANG_CXX_LANGUAGE_STANDARD = "gnu++0x";
				CLANG_CXX_LIBRARY = "libc++";
				CLANG_ENABLE_MODULES = YES;
				CLANG_ENABLE_OBJC_ARC = YES;
				CLANG_WARN_BOOL_CONVERSION = YES;
				CLANG_WARN_CONSTANT_CONVERSION = YES;
				CLANG_WARN_DIRECT_OBJC_ISA_USAGE = YES_ERROR;
				CLANG_WARN_EMPTY_BODY = YES;
				CLANG_WARN_ENUM_CONVERSION = YES;
				CLANG_WARN_INT_CONVERSION = YES;
				CLANG_WARN_OBJC_ROOT_CLASS = YES_ERROR;
				CLANG_WARN_UNREACHABLE_CODE = YES;
				CLANG_WARN__DUPLICATE_METHOD_MATCH = YES;
				"CODE_SIGN_IDENTITY[sdk=iphoneos*]" = "iPhone Developer";
				COPY_PHASE_STRIP = NO;
				DEBUG_INFORMATION_FORMAT = dwarf;
				ENABLE_STRICT_OBJC_MSGSEND = YES;
				ENABLE_TESTABILITY = YES;
				GCC_C_LANGUAGE_STANDARD = gnu99;
				GCC_DYNAMIC_NO_PIC = NO;
				GCC_NO_COMMON_BLOCKS = YES;
				GCC_OPTIMIZATION_LEVEL = 0;
				GCC_PREPROCESSOR_DEFINITIONS = (
					"DEBUG=1",
					"$(inherited)",
				);
				GCC_WARN_64_TO_32_BIT_CONVERSION = YES;
				GCC_WARN_ABOUT_RETURN_TYPE = YES_ERROR;
				GCC_WARN_UNDECLARED_SELECTOR = YES;
				GCC_WARN_UNINITIALIZED_AUTOS = YES_AGGRESSIVE;
				GCC_WARN_UNUSED_FUNCTION = YES;
				GCC_WARN_UNUSED_VARIABLE = YES;
				IPHONEOS_DEPLOYMENT_TARGET = 8.0;
				MTL_ENABLE_DEBUG_INFO = YES;
				ONLY_ACTIVE_ARCH = YES;
				SDKROOT = iphoneos;
				SWIFT_OPTIMIZATION_LEVEL = "-Onone";
				TARGETED_DEVICE_FAMILY = "1,2";
			};
			name = Debug;
		};
		1C67D75F1C7C4DFC0020A754 /* Release */ = {
			isa = XCBuildConfiguration;
			buildSettings = {
				ALWAYS_SEARCH_USER_PATHS = NO;
				CLANG_CXX_LANGUAGE_STANDARD = "gnu++0x";
				CLANG_CXX_LIBRARY = "libc++";
				CLANG_ENABLE_MODULES = YES;
				CLANG_ENABLE_OBJC_ARC = YES;
				CLANG_WARN_BOOL_CONVERSION = YES;
				CLANG_WARN_CONSTANT_CONVERSION = YES;
				CLANG_WARN_DIRECT_OBJC_ISA_USAGE = YES_ERROR;
				CLANG_WARN_EMPTY_BODY = YES;
				CLANG_WARN_ENUM_CONVERSION = YES;
				CLANG_WARN_INT_CONVERSION = YES;
				CLANG_WARN_OBJC_ROOT_CLASS = YES_ERROR;
				CLANG_WARN_UNREACHABLE_CODE = YES;
				CLANG_WARN__DUPLICATE_METHOD_MATCH = YES;
				"CODE_SIGN_IDENTITY[sdk=iphoneos*]" = "iPhone Developer";
				COPY_PHASE_STRIP = NO;
				DEBUG_INFORMATION_FORMAT = "dwarf-with-dsym";
				ENABLE_NS_ASSERTIONS = NO;
				ENABLE_STRICT_OBJC_MSGSEND = YES;
				GCC_C_LANGUAGE_STANDARD = gnu99;
				GCC_NO_COMMON_BLOCKS = YES;
				GCC_WARN_64_TO_32_BIT_CONVERSION = YES;
				GCC_WARN_ABOUT_RETURN_TYPE = YES_ERROR;
				GCC_WARN_UNDECLARED_SELECTOR = YES;
				GCC_WARN_UNINITIALIZED_AUTOS = YES_AGGRESSIVE;
				GCC_WARN_UNUSED_FUNCTION = YES;
				GCC_WARN_UNUSED_VARIABLE = YES;
				IPHONEOS_DEPLOYMENT_TARGET = 8.0;
				MTL_ENABLE_DEBUG_INFO = NO;
				SDKROOT = iphoneos;
				TARGETED_DEVICE_FAMILY = "1,2";
				VALIDATE_PRODUCT = YES;
			};
			name = Release;
		};
		1C67D7611C7C4DFC0020A754 /* Debug */ = {
			isa = XCBuildConfiguration;
			buildSettings = {
				ASSETCATALOG_COMPILER_APPICON_NAME = AppIcon;
				INFOPLIST_FILE = MarcBiliBili/Info.plist;
				IPHONEOS_DEPLOYMENT_TARGET = 8.0;
				LD_RUNPATH_SEARCH_PATHS = "$(inherited) @executable_path/Frameworks";
				PRODUCT_BUNDLE_IDENTIFIER = "-8.com.MarcBiliBili";
				PRODUCT_NAME = "$(TARGET_NAME)";
				SWIFT_OBJC_BRIDGING_HEADER = "MarcBiliBili/Class/Base/Bili-Brigding-Header";
				"SWIFT_OBJC_BRIDGING_HEADER[arch=*]" = "";
			};
			name = Debug;
		};
		1C67D7621C7C4DFC0020A754 /* Release */ = {
			isa = XCBuildConfiguration;
			buildSettings = {
				ASSETCATALOG_COMPILER_APPICON_NAME = AppIcon;
				INFOPLIST_FILE = MarcBiliBili/Info.plist;
				IPHONEOS_DEPLOYMENT_TARGET = 8.0;
				LD_RUNPATH_SEARCH_PATHS = "$(inherited) @executable_path/Frameworks";
				PRODUCT_BUNDLE_IDENTIFIER = "-8.com.MarcBiliBili";
				PRODUCT_NAME = "$(TARGET_NAME)";
				SWIFT_OBJC_BRIDGING_HEADER = "MarcBiliBili/Class/Base/Bili-Brigding-Header";
			};
			name = Release;
		};
		1C67D7641C7C4DFC0020A754 /* Debug */ = {
			isa = XCBuildConfiguration;
			buildSettings = {
				BUNDLE_LOADER = "$(TEST_HOST)";
				INFOPLIST_FILE = MarcBiliBiliTests/Info.plist;
				LD_RUNPATH_SEARCH_PATHS = "$(inherited) @executable_path/Frameworks @loader_path/Frameworks";
				PRODUCT_BUNDLE_IDENTIFIER = "-8.com.MarcBiliBiliTests";
				PRODUCT_NAME = "$(TARGET_NAME)";
				TEST_HOST = "$(BUILT_PRODUCTS_DIR)/MarcBiliBili.app/MarcBiliBili";
			};
			name = Debug;
		};
		1C67D7651C7C4DFC0020A754 /* Release */ = {
			isa = XCBuildConfiguration;
			buildSettings = {
				BUNDLE_LOADER = "$(TEST_HOST)";
				INFOPLIST_FILE = MarcBiliBiliTests/Info.plist;
				LD_RUNPATH_SEARCH_PATHS = "$(inherited) @executable_path/Frameworks @loader_path/Frameworks";
				PRODUCT_BUNDLE_IDENTIFIER = "-8.com.MarcBiliBiliTests";
				PRODUCT_NAME = "$(TARGET_NAME)";
				TEST_HOST = "$(BUILT_PRODUCTS_DIR)/MarcBiliBili.app/MarcBiliBili";
			};
			name = Release;
		};
		1C67D7671C7C4DFC0020A754 /* Debug */ = {
			isa = XCBuildConfiguration;
			buildSettings = {
				INFOPLIST_FILE = MarcBiliBiliUITests/Info.plist;
				LD_RUNPATH_SEARCH_PATHS = "$(inherited) @executable_path/Frameworks @loader_path/Frameworks";
				PRODUCT_BUNDLE_IDENTIFIER = "-8.com.MarcBiliBiliUITests";
				PRODUCT_NAME = "$(TARGET_NAME)";
				TEST_TARGET_NAME = MarcBiliBili;
				USES_XCTRUNNER = YES;
			};
			name = Debug;
		};
		1C67D7681C7C4DFC0020A754 /* Release */ = {
			isa = XCBuildConfiguration;
			buildSettings = {
				INFOPLIST_FILE = MarcBiliBiliUITests/Info.plist;
				LD_RUNPATH_SEARCH_PATHS = "$(inherited) @executable_path/Frameworks @loader_path/Frameworks";
				PRODUCT_BUNDLE_IDENTIFIER = "-8.com.MarcBiliBiliUITests";
				PRODUCT_NAME = "$(TARGET_NAME)";
				TEST_TARGET_NAME = MarcBiliBili;
				USES_XCTRUNNER = YES;
			};
			name = Release;
		};
/* End XCBuildConfiguration section */

/* Begin XCConfigurationList section */
		1C67D7331C7C4DFC0020A754 /* Build configuration list for PBXProject "MarcBiliBili" */ = {
			isa = XCConfigurationList;
			buildConfigurations = (
				1C67D75E1C7C4DFC0020A754 /* Debug */,
				1C67D75F1C7C4DFC0020A754 /* Release */,
			);
			defaultConfigurationIsVisible = 0;
			defaultConfigurationName = Release;
		};
		1C67D7601C7C4DFC0020A754 /* Build configuration list for PBXNativeTarget "MarcBiliBili" */ = {
			isa = XCConfigurationList;
			buildConfigurations = (
				1C67D7611C7C4DFC0020A754 /* Debug */,
				1C67D7621C7C4DFC0020A754 /* Release */,
			);
			defaultConfigurationIsVisible = 0;
			defaultConfigurationName = Release;
		};
		1C67D7631C7C4DFC0020A754 /* Build configuration list for PBXNativeTarget "MarcBiliBiliTests" */ = {
			isa = XCConfigurationList;
			buildConfigurations = (
				1C67D7641C7C4DFC0020A754 /* Debug */,
				1C67D7651C7C4DFC0020A754 /* Release */,
			);
			defaultConfigurationIsVisible = 0;
			defaultConfigurationName = Release;
		};
		1C67D7661C7C4DFC0020A754 /* Build configuration list for PBXNativeTarget "MarcBiliBiliUITests" */ = {
			isa = XCConfigurationList;
			buildConfigurations = (
				1C67D7671C7C4DFC0020A754 /* Debug */,
				1C67D7681C7C4DFC0020A754 /* Release */,
			);
			defaultConfigurationIsVisible = 0;
			defaultConfigurationName = Release;
		};
/* End XCConfigurationList section */
	};
	rootObject = 1C67D7301C7C4DFC0020A754 /* Project object */;
}
